
Microsoft Visual Studio Solution File, Format Version 12.00
# Visual Studio Version 16
VisualStudioVersion = 16.0.31105.61
MinimumVisualStudioVersion = 10.0.40219.1
Project("{FAE04EC0-301F-11D3-BF4B-00C04F79EFBC}") = "Practica2", "Practica2.csproj", "{256FC09C-DA1F-4F3C-9D95-3BFF43205D76}"
EndProject
Global
	GlobalSection(SolutionConfigurationPlatforms) = preSolution
		Debug|Any CPU = Debug|Any CPU
		Release|Any CPU = Release|Any CPU
	EndGlobalSection
	GlobalSection(ProjectConfigurationPlatforms) = postSolution
		{256FC09C-DA1F-4F3C-9D95-3BFF43205D76}.Debug|Any CPU.ActiveCfg = Debug|Any CPU
		{256FC09C-DA1F-4F3C-9D95-3BFF43205D76}.Debug|Any CPU.Build.0 = Debug|Any CPU
		{256FC09C-DA1F-4F3C-9D95-3BFF43205D76}.Release|Any CPU.ActiveCfg = Release|Any CPU
		{256FC09C-DA1F-4F3C-9D95-3BFF43205D76}.Release|Any CPU.Build.0 = Release|Any CPU
	EndGlobalSection
	GlobalSection(SolutionProperties) = preSolution
		HideSolutionNode = FALSE
	EndGlobalSection
	GlobalSection(ExtensibilityGlobals) = postSolution
		SolutionGuid = {438C3B23-DA21-4B05-9AF9-9E701D0A31F7}
	EndGlobalSection
EndGlobal
